// !$*UTF8*$!
{
	archiveVersion = 1;
	classes = {
	};
	objectVersion = 56;
	objects = {

/* Begin PBXBuildFile section */
		2C426B872BDF52E3002FC486 /* CityWebsiteView.swift in Sources */ = {isa = PBXBuildFile; fileRef = 2C426B862BDF52E3002FC486 /* CityWebsiteView.swift */; };
		2C426B892BDF55CF002FC486 /* Event.swift in Sources */ = {isa = PBXBuildFile; fileRef = 2C426B882BDF55CF002FC486 /* Event.swift */; };
		2C426B8B2BDF55FE002FC486 /* EventView.swift in Sources */ = {isa = PBXBuildFile; fileRef = 2C426B8A2BDF55FE002FC486 /* EventView.swift */; };
		2CBF10172BDF2D3300757589 /* LocationMapAnnotationView.swift in Sources */ = {isa = PBXBuildFile; fileRef = 2CBF10162BDF2D3300757589 /* LocationMapAnnotationView.swift */; };
		2CBF10192BDF340200757589 /* LocationDetailView.swift in Sources */ = {isa = PBXBuildFile; fileRef = 2CBF10182BDF340200757589 /* LocationDetailView.swift */; };
		2CDBB8072BDDB9C1002B8FBC /* CityOfTrussvilleAppApp.swift in Sources */ = {isa = PBXBuildFile; fileRef = 2CDBB8062BDDB9C1002B8FBC /* CityOfTrussvilleAppApp.swift */; };
		2CDBB80E2BDDB9C2002B8FBC /* Preview Assets.xcassets in Resources */ = {isa = PBXBuildFile; fileRef = 2CDBB80D2BDDB9C2002B8FBC /* Preview Assets.xcassets */; };
		2CDBB8172BDDC745002B8FBC /* Assets.xcassets in Resources */ = {isa = PBXBuildFile; fileRef = 2CDBB8162BDDC745002B8FBC /* Assets.xcassets */; };
		2CDBB81D2BDDC8DE002B8FBC /* Location.swift in Sources */ = {isa = PBXBuildFile; fileRef = 2CDBB81C2BDDC8DE002B8FBC /* Location.swift */; };
		2CDBB8202BDEF0D0002B8FBC /* LocationsDataService.swift in Sources */ = {isa = PBXBuildFile; fileRef = 2CDBB81F2BDEF0D0002B8FBC /* LocationsDataService.swift */; };
		2CDBB8222BDEF19C002B8FBC /* LocationsView.swift in Sources */ = {isa = PBXBuildFile; fileRef = 2CDBB8212BDEF19C002B8FBC /* LocationsView.swift */; };
		2CDBB8242BDEF409002B8FBC /* LocationsViewModel.swift in Sources */ = {isa = PBXBuildFile; fileRef = 2CDBB8232BDEF409002B8FBC /* LocationsViewModel.swift */; };
		2CDBB8282BDEFA63002B8FBC /* LocationsListView.swift in Sources */ = {isa = PBXBuildFile; fileRef = 2CDBB8272BDEFA63002B8FBC /* LocationsListView.swift */; };
		2CDBB82A2BDF042F002B8FBC /* LocationPreviewView.swift in Sources */ = {isa = PBXBuildFile; fileRef = 2CDBB8292BDF042E002B8FBC /* LocationPreviewView.swift */; };
/* End PBXBuildFile section */

/* Begin PBXFileReference section */
		2C426B862BDF52E3002FC486 /* CityWebsiteView.swift */ = {isa = PBXFileReference; lastKnownFileType = sourcecode.swift; path = CityWebsiteView.swift; sourceTree = "<group>"; };
		2C426B882BDF55CF002FC486 /* Event.swift */ = {isa = PBXFileReference; lastKnownFileType = sourcecode.swift; path = Event.swift; sourceTree = "<group>"; };
		2C426B8A2BDF55FE002FC486 /* EventView.swift */ = {isa = PBXFileReference; lastKnownFileType = sourcecode.swift; path = EventView.swift; sourceTree = "<group>"; };
		2CBF10162BDF2D3300757589 /* LocationMapAnnotationView.swift */ = {isa = PBXFileReference; lastKnownFileType = sourcecode.swift; path = LocationMapAnnotationView.swift; sourceTree = "<group>"; };
		2CBF10182BDF340200757589 /* LocationDetailView.swift */ = {isa = PBXFileReference; lastKnownFileType = sourcecode.swift; path = LocationDetailView.swift; sourceTree = "<group>"; };
		2CBF101A2BDF42C500757589 /* Info.plist */ = {isa = PBXFileReference; lastKnownFileType = text.plist; path = Info.plist; sourceTree = "<group>"; };
		2CDBB8032BDDB9C1002B8FBC /* CityOfTrussvilleApp.app */ = {isa = PBXFileReference; explicitFileType = wrapper.application; includeInIndex = 0; path = CityOfTrussvilleApp.app; sourceTree = BUILT_PRODUCTS_DIR; };
		2CDBB8062BDDB9C1002B8FBC /* CityOfTrussvilleAppApp.swift */ = {isa = PBXFileReference; lastKnownFileType = sourcecode.swift; path = CityOfTrussvilleAppApp.swift; sourceTree = "<group>"; };
		2CDBB80D2BDDB9C2002B8FBC /* Preview Assets.xcassets */ = {isa = PBXFileReference; lastKnownFileType = folder.assetcatalog; path = "Preview Assets.xcassets"; sourceTree = "<group>"; };
		2CDBB8162BDDC745002B8FBC /* Assets.xcassets */ = {isa = PBXFileReference; lastKnownFileType = folder.assetcatalog; name = Assets.xcassets; path = "../../../b6dc374-3b0b-6bdc-3b7f-f7ce4c005a_SwiftfulMapApp-Downloads/Assets.xcassets"; sourceTree = "<group>"; };
		2CDBB81C2BDDC8DE002B8FBC /* Location.swift */ = {isa = PBXFileReference; lastKnownFileType = sourcecode.swift; path = Location.swift; sourceTree = "<group>"; };
		2CDBB81F2BDEF0D0002B8FBC /* LocationsDataService.swift */ = {isa = PBXFileReference; fileEncoding = 4; lastKnownFileType = sourcecode.swift; path = LocationsDataService.swift; sourceTree = "<group>"; };
		2CDBB8212BDEF19C002B8FBC /* LocationsView.swift */ = {isa = PBXFileReference; lastKnownFileType = sourcecode.swift; path = LocationsView.swift; sourceTree = "<group>"; };
		2CDBB8232BDEF409002B8FBC /* LocationsViewModel.swift */ = {isa = PBXFileReference; lastKnownFileType = sourcecode.swift; path = LocationsViewModel.swift; sourceTree = "<group>"; };
		2CDBB8272BDEFA63002B8FBC /* LocationsListView.swift */ = {isa = PBXFileReference; lastKnownFileType = sourcecode.swift; path = LocationsListView.swift; sourceTree = "<group>"; };
		2CDBB8292BDF042E002B8FBC /* LocationPreviewView.swift */ = {isa = PBXFileReference; lastKnownFileType = sourcecode.swift; path = LocationPreviewView.swift; sourceTree = "<group>"; };
/* End PBXFileReference section */

/* Begin PBXFrameworksBuildPhase section */
		2CDBB8002BDDB9C1002B8FBC /* Frameworks */ = {
			isa = PBXFrameworksBuildPhase;
			buildActionMask = 2147483647;
			files = (
			);
			runOnlyForDeploymentPostprocessing = 0;
		};
/* End PBXFrameworksBuildPhase section */

/* Begin PBXGroup section */
		2CDBB7FA2BDDB9C1002B8FBC = {
			isa = PBXGroup;
			children = (
				2CDBB8052BDDB9C1002B8FBC /* CityOfTrussvilleApp */,
				2CDBB8042BDDB9C1002B8FBC /* Products */,
			);
			sourceTree = "<group>";
		};
		2CDBB8042BDDB9C1002B8FBC /* Products */ = {
			isa = PBXGroup;
			children = (
				2CDBB8032BDDB9C1002B8FBC /* CityOfTrussvilleApp.app */,
			);
			name = Products;
			sourceTree = "<group>";
		};
		2CDBB8052BDDB9C1002B8FBC /* CityOfTrussvilleApp */ = {
			isa = PBXGroup;
			children = (
				2CBF101A2BDF42C500757589 /* Info.plist */,
				2CDBB8062BDDB9C1002B8FBC /* CityOfTrussvilleAppApp.swift */,
				2CDBB81E2BDDC99E002B8FBC /* DataServices */,
				2CDBB81A2BDDC89B002B8FBC /* Views */,
				2CDBB81B2BDDC8AF002B8FBC /* ViewModels */,
				2CDBB8182BDDC87D002B8FBC /* Models */,
				2CDBB8162BDDC745002B8FBC /* Assets.xcassets */,
				2CDBB80C2BDDB9C2002B8FBC /* Preview Content */,
			);
			path = CityOfTrussvilleApp;
			sourceTree = "<group>";
		};
		2CDBB80C2BDDB9C2002B8FBC /* Preview Content */ = {
			isa = PBXGroup;
			children = (
				2CDBB80D2BDDB9C2002B8FBC /* Preview Assets.xcassets */,
			);
			path = "Preview Content";
			sourceTree = "<group>";
		};
		2CDBB8182BDDC87D002B8FBC /* Models */ = {
			isa = PBXGroup;
			children = (
				2CDBB81C2BDDC8DE002B8FBC /* Location.swift */,
				2C426B882BDF55CF002FC486 /* Event.swift */,
			);
			path = Models;
			sourceTree = "<group>";
		};
		2CDBB81A2BDDC89B002B8FBC /* Views */ = {
			isa = PBXGroup;
			children = (
				2CDBB8212BDEF19C002B8FBC /* LocationsView.swift */,
				2CDBB8272BDEFA63002B8FBC /* LocationsListView.swift */,
				2CDBB8292BDF042E002B8FBC /* LocationPreviewView.swift */,
				2CBF10162BDF2D3300757589 /* LocationMapAnnotationView.swift */,
				2CBF10182BDF340200757589 /* LocationDetailView.swift */,
				2C426B862BDF52E3002FC486 /* CityWebsiteView.swift */,
				2C426B8A2BDF55FE002FC486 /* EventView.swift */,
			);
			path = Views;
			sourceTree = "<group>";
		};
		2CDBB81B2BDDC8AF002B8FBC /* ViewModels */ = {
			isa = PBXGroup;
			children = (
				2CDBB8232BDEF409002B8FBC /* LocationsViewModel.swift */,
			);
			path = ViewModels;
			sourceTree = "<group>";
		};
		2CDBB81E2BDDC99E002B8FBC /* DataServices */ = {
			isa = PBXGroup;
			children = (
				2CDBB81F2BDEF0D0002B8FBC /* LocationsDataService.swift */,
			);
			path = DataServices;
			sourceTree = "<group>";
		};
/* End PBXGroup section */

/* Begin PBXNativeTarget section */
		2CDBB8022BDDB9C1002B8FBC /* CityOfTrussvilleApp */ = {
			isa = PBXNativeTarget;
			buildConfigurationList = 2CDBB8112BDDB9C2002B8FBC /* Build configuration list for PBXNativeTarget "CityOfTrussvilleApp" */;
			buildPhases = (
				2CDBB7FF2BDDB9C1002B8FBC /* Sources */,
				2CDBB8002BDDB9C1002B8FBC /* Frameworks */,
				2CDBB8012BDDB9C1002B8FBC /* Resources */,
			);
			buildRules = (
			);
			dependencies = (
			);
			name = CityOfTrussvilleApp;
			productName = CityOfTrussvilleApp;
			productReference = 2CDBB8032BDDB9C1002B8FBC /* CityOfTrussvilleApp.app */;
			productType = "com.apple.product-type.application";
		};
/* End PBXNativeTarget section */

/* Begin PBXProject section */
		2CDBB7FB2BDDB9C1002B8FBC /* Project object */ = {
			isa = PBXProject;
			attributes = {
				BuildIndependentTargetsInParallel = 1;
				LastSwiftUpdateCheck = 1520;
				LastUpgradeCheck = 1520;
				TargetAttributes = {
					2CDBB8022BDDB9C1002B8FBC = {
						CreatedOnToolsVersion = 15.2;
					};
				};
			};
			buildConfigurationList = 2CDBB7FE2BDDB9C1002B8FBC /* Build configuration list for PBXProject "CityOfTrussvilleApp" */;
			compatibilityVersion = "Xcode 14.0";
			developmentRegion = en;
			hasScannedForEncodings = 0;
			knownRegions = (
				en,
				Base,
			);
			mainGroup = 2CDBB7FA2BDDB9C1002B8FBC;
			productRefGroup = 2CDBB8042BDDB9C1002B8FBC /* Products */;
			projectDirPath = "";
			projectRoot = "";
			targets = (
				2CDBB8022BDDB9C1002B8FBC /* CityOfTrussvilleApp */,
			);
		};
/* End PBXProject section */

/* Begin PBXResourcesBuildPhase section */
		2CDBB8012BDDB9C1002B8FBC /* Resources */ = {
			isa = PBXResourcesBuildPhase;
			buildActionMask = 2147483647;
			files = (
				2CDBB8172BDDC745002B8FBC /* Assets.xcassets in Resources */,
				2CDBB80E2BDDB9C2002B8FBC /* Preview Assets.xcassets in Resources */,
			);
			runOnlyForDeploymentPostprocessing = 0;
		};
/* End PBXResourcesBuildPhase section */

/* Begin PBXSourcesBuildPhase section */
		2CDBB7FF2BDDB9C1002B8FBC /* Sources */ = {
			isa = PBXSourcesBuildPhase;
			buildActionMask = 2147483647;
			files = (
				2CDBB8202BDEF0D0002B8FBC /* LocationsDataService.swift in Sources */,
				2C426B892BDF55CF002FC486 /* Event.swift in Sources */,
				2C426B872BDF52E3002FC486 /* CityWebsiteView.swift in Sources */,
				2C426B8B2BDF55FE002FC486 /* EventView.swift in Sources */,
				2CBF10172BDF2D3300757589 /* LocationMapAnnotationView.swift in Sources */,
				2CDBB8282BDEFA63002B8FBC /* LocationsListView.swift in Sources */,
				2CDBB82A2BDF042F002B8FBC /* LocationPreviewView.swift in Sources */,
				2CDBB8242BDEF409002B8FBC /* LocationsViewModel.swift in Sources */,
				2CDBB8222BDEF19C002B8FBC /* LocationsView.swift in Sources */,
				2CDBB81D2BDDC8DE002B8FBC /* Location.swift in Sources */,
				2CBF10192BDF340200757589 /* LocationDetailView.swift in Sources */,
				2CDBB8072BDDB9C1002B8FBC /* CityOfTrussvilleAppApp.swift in Sources */,
			);
			runOnlyForDeploymentPostprocessing = 0;
		};
/* End PBXSourcesBuildPhase section */

/* Begin XCBuildConfiguration section */
		2CDBB80F2BDDB9C2002B8FBC /* Debug */ = {
			isa = XCBuildConfiguration;
			buildSettings = {
				ALWAYS_SEARCH_USER_PATHS = NO;
				ASSETCATALOG_COMPILER_GENERATE_SWIFT_ASSET_SYMBOL_EXTENSIONS = YES;
				CLANG_ANALYZER_NONNULL = YES;
				CLANG_ANALYZER_NUMBER_OBJECT_CONVERSION = YES_AGGRESSIVE;
				CLANG_CXX_LANGUAGE_STANDARD = "gnu++20";
				CLANG_ENABLE_MODULES = YES;
				CLANG_ENABLE_OBJC_ARC = YES;
				CLANG_ENABLE_OBJC_WEAK = YES;
				CLANG_WARN_BLOCK_CAPTURE_AUTORELEASING = YES;
				CLANG_WARN_BOOL_CONVERSION = YES;
				CLANG_WARN_COMMA = YES;
				CLANG_WARN_CONSTANT_CONVERSION = YES;
				CLANG_WARN_DEPRECATED_OBJC_IMPLEMENTATIONS = YES;
				CLANG_WARN_DIRECT_OBJC_ISA_USAGE = YES_ERROR;
				CLANG_WARN_DOCUMENTATION_COMMENTS = YES;
				CLANG_WARN_EMPTY_BODY = YES;
				CLANG_WARN_ENUM_CONVERSION = YES;
				CLANG_WARN_INFINITE_RECURSION = YES;
				CLANG_WARN_INT_CONVERSION = YES;
				CLANG_WARN_NON_LITERAL_NULL_CONVERSION = YES;
				CLANG_WARN_OBJC_IMPLICIT_RETAIN_SELF = YES;
				CLANG_WARN_OBJC_LITERAL_CONVERSION = YES;
				CLANG_WARN_OBJC_ROOT_CLASS = YES_ERROR;
				CLANG_WARN_QUOTED_INCLUDE_IN_FRAMEWORK_HEADER = YES;
				CLANG_WARN_RANGE_LOOP_ANALYSIS = YES;
				CLANG_WARN_STRICT_PROTOTYPES = YES;
				CLANG_WARN_SUSPICIOUS_MOVE = YES;
				CLANG_WARN_UNGUARDED_AVAILABILITY = YES_AGGRESSIVE;
				CLANG_WARN_UNREACHABLE_CODE = YES;
				CLANG_WARN__DUPLICATE_METHOD_MATCH = YES;
				COPY_PHASE_STRIP = NO;
				DEBUG_INFORMATION_FORMAT = dwarf;
				ENABLE_STRICT_OBJC_MSGSEND = YES;
				ENABLE_TESTABILITY = YES;
				ENABLE_USER_SCRIPT_SANDBOXING = YES;
				GCC_C_LANGUAGE_STANDARD = gnu17;
				GCC_DYNAMIC_NO_PIC = NO;
				GCC_NO_COMMON_BLOCKS = YES;
				GCC_OPTIMIZATION_LEVEL = 0;
				GCC_PREPROCESSOR_DEFINITIONS = (
					"DEBUG=1",
					"$(inherited)",
				);
				GCC_WARN_64_TO_32_BIT_CONVERSION = YES;
				GCC_WARN_ABOUT_RETURN_TYPE = YES_ERROR;
				GCC_WARN_UNDECLARED_SELECTOR = YES;
				GCC_WARN_UNINITIALIZED_AUTOS = YES_AGGRESSIVE;
				GCC_WARN_UNUSED_FUNCTION = YES;
				GCC_WARN_UNUSED_VARIABLE = YES;
				IPHONEOS_DEPLOYMENT_TARGET = 17.2;
				LOCALIZATION_PREFERS_STRING_CATALOGS = YES;
				MTL_ENABLE_DEBUG_INFO = INCLUDE_SOURCE;
				MTL_FAST_MATH = YES;
				ONLY_ACTIVE_ARCH = YES;
				SDKROOT = iphoneos;
				SWIFT_ACTIVE_COMPILATION_CONDITIONS = "DEBUG $(inherited)";
				SWIFT_OPTIMIZATION_LEVEL = "-Onone";
			};
			name = Debug;
		};
		2CDBB8102BDDB9C2002B8FBC /* Release */ = {
			isa = XCBuildConfiguration;
			buildSettings = {
				ALWAYS_SEARCH_USER_PATHS = NO;
				ASSETCATALOG_COMPILER_GENERATE_SWIFT_ASSET_SYMBOL_EXTENSIONS = YES;
				CLANG_ANALYZER_NONNULL = YES;
				CLANG_ANALYZER_NUMBER_OBJECT_CONVERSION = YES_AGGRESSIVE;
				CLANG_CXX_LANGUAGE_STANDARD = "gnu++20";
				CLANG_ENABLE_MODULES = YES;
				CLANG_ENABLE_OBJC_ARC = YES;
				CLANG_ENABLE_OBJC_WEAK = YES;
				CLANG_WARN_BLOCK_CAPTURE_AUTORELEASING = YES;
				CLANG_WARN_BOOL_CONVERSION = YES;
				CLANG_WARN_COMMA = YES;
				CLANG_WARN_CONSTANT_CONVERSION = YES;
				CLANG_WARN_DEPRECATED_OBJC_IMPLEMENTATIONS = YES;
				CLANG_WARN_DIRECT_OBJC_ISA_USAGE = YES_ERROR;
				CLANG_WARN_DOCUMENTATION_COMMENTS = YES;
				CLANG_WARN_EMPTY_BODY = YES;
				CLANG_WARN_ENUM_CONVERSION = YES;
				CLANG_WARN_INFINITE_RECURSION = YES;
				CLANG_WARN_INT_CONVERSION = YES;
				CLANG_WARN_NON_LITERAL_NULL_CONVERSION = YES;
				CLANG_WARN_OBJC_IMPLICIT_RETAIN_SELF = YES;
				CLANG_WARN_OBJC_LITERAL_CONVERSION = YES;
				CLANG_WARN_OBJC_ROOT_CLASS = YES_ERROR;
				CLANG_WARN_QUOTED_INCLUDE_IN_FRAMEWORK_HEADER = YES;
				CLANG_WARN_RANGE_LOOP_ANALYSIS = YES;
				CLANG_WARN_STRICT_PROTOTYPES = YES;
				CLANG_WARN_SUSPICIOUS_MOVE = YES;
				CLANG_WARN_UNGUARDED_AVAILABILITY = YES_AGGRESSIVE;
				CLANG_WARN_UNREACHABLE_CODE = YES;
				CLANG_WARN__DUPLICATE_METHOD_MATCH = YES;
				COPY_PHASE_STRIP = NO;
				DEBUG_INFORMATION_FORMAT = "dwarf-with-dsym";
				ENABLE_NS_ASSERTIONS = NO;
				ENABLE_STRICT_OBJC_MSGSEND = YES;
				ENABLE_USER_SCRIPT_SANDBOXING = YES;
				GCC_C_LANGUAGE_STANDARD = gnu17;
				GCC_NO_COMMON_BLOCKS = YES;
				GCC_WARN_64_TO_32_BIT_CONVERSION = YES;
				GCC_WARN_ABOUT_RETURN_TYPE = YES_ERROR;
				GCC_WARN_UNDECLARED_SELECTOR = YES;
				GCC_WARN_UNINITIALIZED_AUTOS = YES_AGGRESSIVE;
				GCC_WARN_UNUSED_FUNCTION = YES;
				GCC_WARN_UNUSED_VARIABLE = YES;
				IPHONEOS_DEPLOYMENT_TARGET = 17.2;
				LOCALIZATION_PREFERS_STRING_CATALOGS = YES;
				MTL_ENABLE_DEBUG_INFO = NO;
				MTL_FAST_MATH = YES;
				SDKROOT = iphoneos;
				SWIFT_COMPILATION_MODE = wholemodule;
				VALIDATE_PRODUCT = YES;
			};
			name = Release;
		};
		2CDBB8122BDDB9C2002B8FBC /* Debug */ = {
			isa = XCBuildConfiguration;
			buildSettings = {
				ASSETCATALOG_COMPILER_APPICON_NAME = AppIcon;
				ASSETCATALOG_COMPILER_GLOBAL_ACCENT_COLOR_NAME = AccentColor;
				ASSETCATALOG_COMPILER_INCLUDE_ALL_APPICON_ASSETS = NO;
				CODE_SIGN_STYLE = Automatic;
				CURRENT_PROJECT_VERSION = 1;
				DEVELOPMENT_ASSET_PATHS = "\"CityOfTrussvilleApp/Preview Content\"";
				ENABLE_PREVIEWS = YES;
				GENERATE_INFOPLIST_FILE = YES;
				INFOPLIST_FILE = CityOfTrussvilleApp/Info.plist;
				INFOPLIST_KEY_UIApplicationSceneManifest_Generation = YES;
				INFOPLIST_KEY_UIApplicationSupportsIndirectInputEvents = YES;
				INFOPLIST_KEY_UISupportedInterfaceOrientations = UIInterfaceOrientationPortrait;
				INFOPLIST_KEY_UISupportedInterfaceOrientations_iPad = "UIInterfaceOrientationLandscapeLeft UIInterfaceOrientationLandscapeRight UIInterfaceOrientationPortrait UIInterfaceOrientationPortraitUpsideDown";
				LD_RUNPATH_SEARCH_PATHS = (
					"$(inherited)",
					"@executable_path/Frameworks",
				);
				MARKETING_VERSION = 1.0;
				PRODUCT_BUNDLE_IDENTIFIER = edu.auburn.onlinecss.CityOfTrussvilleApp;
				PRODUCT_NAME = "$(TARGET_NAME)";
				SWIFT_EMIT_LOC_STRINGS = YES;
				SWIFT_VERSION = 5.0;
				TARGETED_DEVICE_FAMILY = "1,2";
			};
			name = Debug;
		};
		2CDBB8132BDDB9C2002B8FBC /* Release */ = {
			isa = XCBuildConfiguration;
			buildSettings = {
				ASSETCATALOG_COMPILER_APPICON_NAME = AppIcon;
				ASSETCATALOG_COMPILER_GLOBAL_ACCENT_COLOR_NAME = AccentColor;
				ASSETCATALOG_COMPILER_INCLUDE_ALL_APPICON_ASSETS = NO;
				CODE_SIGN_STYLE = Automatic;
				CURRENT_PROJECT_VERSION = 1;
				DEVELOPMENT_ASSET_PATHS = "\"CityOfTrussvilleApp/Preview Content\"";
				ENABLE_PREVIEWS = YES;
				GENERATE_INFOPLIST_FILE = YES;
				INFOPLIST_FILE = CityOfTrussvilleApp/Info.plist;
				INFOPLIST_KEY_UIApplicationSceneManifest_Generation = YES;
				INFOPLIST_KEY_UIApplicationSupportsIndirectInputEvents = YES;
				INFOPLIST_KEY_UISupportedInterfaceOrientations = UIInterfaceOrientationPortrait;
				INFOPLIST_KEY_UISupportedInterfaceOrientations_iPad = "UIInterfaceOrientationLandscapeLeft UIInterfaceOrientationLandscapeRight UIInterfaceOrientationPortrait UIInterfaceOrientationPortraitUpsideDown";
				LD_RUNPATH_SEARCH_PATHS = (
					"$(inherited)",
					"@executable_path/Frameworks",
				);
				MARKETING_VERSION = 1.0;
				PRODUCT_BUNDLE_IDENTIFIER = edu.auburn.onlinecss.CityOfTrussvilleApp;
				PRODUCT_NAME = "$(TARGET_NAME)";
				SWIFT_EMIT_LOC_STRINGS = YES;
				SWIFT_VERSION = 5.0;
				TARGETED_DEVICE_FAMILY = "1,2";
			};
			name = Release;
		};
/* End XCBuildConfiguration section */

/* Begin XCConfigurationList section */
		2CDBB7FE2BDDB9C1002B8FBC /* Build configuration list for PBXProject "CityOfTrussvilleApp" */ = {
			isa = XCConfigurationList;
			buildConfigurations = (
				2CDBB80F2BDDB9C2002B8FBC /* Debug */,
				2CDBB8102BDDB9C2002B8FBC /* Release */,
			);
			defaultConfigurationIsVisible = 0;
			defaultConfigurationName = Release;
		};
		2CDBB8112BDDB9C2002B8FBC /* Build configuration list for PBXNativeTarget "CityOfTrussvilleApp" */ = {
			isa = XCConfigurationList;
			buildConfigurations = (
				2CDBB8122BDDB9C2002B8FBC /* Debug */,
				2CDBB8132BDDB9C2002B8FBC /* Release */,
			);
			defaultConfigurationIsVisible = 0;
			defaultConfigurationName = Release;
		};
/* End XCConfigurationList section */
	};
	rootObject = 2CDBB7FB2BDDB9C1002B8FBC /* Project object */;
}
